
Microsoft Visual Studio Solution File, Format Version 12.00
# Visual Studio Version 17
VisualStudioVersion = 17.5.33530.505
MinimumVisualStudioVersion = 10.0.40219.1
Project("{9A19103F-16F7-4668-BE54-9A1E7A4F7556}") = "corgProject000", "corgProject000.csproj", "{1A98627F-CD41-46FA-82B8-5F03B75981FD}"
EndProject
Project("{9A19103F-16F7-4668-BE54-9A1E7A4F7556}") = "EntityLayers", "..\EntityLayers\EntityLayers.csproj", "{DD014CFB-B554-42E9-B590-12D3305BBE84}"
EndProject
Project("{9A19103F-16F7-4668-BE54-9A1E7A4F7556}") = "BusinessLayers", "..\BusinessLayers\BusinessLayers.csproj", "{FB25E7B3-6C2D-4A73-8131-5916263B8FC4}"
EndProject
Global
	GlobalSection(SolutionConfigurationPlatforms) = preSolution
		Debug|Any CPU = Debug|Any CPU
		Release|Any CPU = Release|Any CPU
	EndGlobalSection
	GlobalSection(ProjectConfigurationPlatforms) = postSolution
		{1A98627F-CD41-46FA-82B8-5F03B75981FD}.Debug|Any CPU.ActiveCfg = Debug|Any CPU
		{1A98627F-CD41-46FA-82B8-5F03B75981FD}.Debug|Any CPU.Build.0 = Debug|Any CPU
		{1A98627F-CD41-46FA-82B8-5F03B75981FD}.Release|Any CPU.ActiveCfg = Release|Any CPU
		{1A98627F-CD41-46FA-82B8-5F03B75981FD}.Release|Any CPU.Build.0 = Release|Any CPU
		{DD014CFB-B554-42E9-B590-12D3305BBE84}.Debug|Any CPU.ActiveCfg = Debug|Any CPU
		{DD014CFB-B554-42E9-B590-12D3305BBE84}.Debug|Any CPU.Build.0 = Debug|Any CPU
		{DD014CFB-B554-42E9-B590-12D3305BBE84}.Release|Any CPU.ActiveCfg = Release|Any CPU
		{DD014CFB-B554-42E9-B590-12D3305BBE84}.Release|Any CPU.Build.0 = Release|Any CPU
		{FB25E7B3-6C2D-4A73-8131-5916263B8FC4}.Debug|Any CPU.ActiveCfg = Debug|Any CPU
		{FB25E7B3-6C2D-4A73-8131-5916263B8FC4}.Debug|Any CPU.Build.0 = Debug|Any CPU
		{FB25E7B3-6C2D-4A73-8131-5916263B8FC4}.Release|Any CPU.ActiveCfg = Release|Any CPU
		{FB25E7B3-6C2D-4A73-8131-5916263B8FC4}.Release|Any CPU.Build.0 = Release|Any CPU
	EndGlobalSection
	GlobalSection(SolutionProperties) = preSolution
		HideSolutionNode = FALSE
	EndGlobalSection
	GlobalSection(ExtensibilityGlobals) = postSolution
		SolutionGuid = {EEF097E6-A0FA-47C0-B6B4-6633013C8AC3}
	EndGlobalSection
EndGlobal
